
Microsoft Visual Studio Solution File, Format Version 12.00
# Visual Studio Version 16
VisualStudioVersion = 16.0.30320.27
MinimumVisualStudioVersion = 10.0.40219.1
Project("{FAE04EC0-301F-11D3-BF4B-00C04F79EFBC}") = "DataBaseForm", "DataBaseForm\DataBaseForm.csproj", "{B97623A3-6A57-4AF0-B1E8-B05928EE4CA8}"
EndProject
Global
	GlobalSection(SolutionConfigurationPlatforms) = preSolution
		Debug|Any CPU = Debug|Any CPU
		Release|Any CPU = Release|Any CPU
	EndGlobalSection
	GlobalSection(ProjectConfigurationPlatforms) = postSolution
		{B97623A3-6A57-4AF0-B1E8-B05928EE4CA8}.Debug|Any CPU.ActiveCfg = Debug|Any CPU
		{B97623A3-6A57-4AF0-B1E8-B05928EE4CA8}.Debug|Any CPU.Build.0 = Debug|Any CPU
		{B97623A3-6A57-4AF0-B1E8-B05928EE4CA8}.Release|Any CPU.ActiveCfg = Release|Any CPU
		{B97623A3-6A57-4AF0-B1E8-B05928EE4CA8}.Release|Any CPU.Build.0 = Release|Any CPU
	EndGlobalSection
	GlobalSection(SolutionProperties) = preSolution
		HideSolutionNode = FALSE
	EndGlobalSection
	GlobalSection(ExtensibilityGlobals) = postSolution
		SolutionGuid = {67D5123C-64A4-4099-AFE4-0E2E3A26BA8F}
	EndGlobalSection
EndGlobal
